{
  "originHash" : "93426e5c91d8d2a5503586bc0c1cb75253431f6de1bd0e1acfd0b81892ef13ce",
  "pins" : [
    {
      "identity" : "realm-core",
      "kind" : "remoteSourceControl",
      "location" : "https://github.com/realm/realm-core.git",
      "state" : {
        "revision" : "a5e87a39cffdcc591f3203c11cfca68100d0b9a6",
        "version" : "13.26.0"
      }
    },
    {
      "identity" : "realm-swift",
      "kind" : "remoteSourceControl",
      "location" : "https://github.com/realm/realm-swift",
      "state" : {
        "revision" : "55466ae0fb29c5f21866792f05c1fc0c590d7c29",
        "version" : "10.47.0"
      }
    },
    {
      "identity" : "swinject",
      "kind" : "remoteSourceControl",
      "location" : "https://github.com/Swinject/Swinject.git",
      "state" : {
        "revision" : "8bc503e60965298984fb58cf47b71c541449fe2a",
        "version" : "2.8.3"
      }
    },
    {
      "identity" : "swinjectstoryboard",
      "kind" : "remoteSourceControl",
      "location" : "https://github.com/Swinject/SwinjectStoryboard.git",
      "state" : {
        "revision" : "e4498ce2dfe37e1ca9d2d20af06fcc087507561c",
        "version" : "2.2.3"
      }
    }
  ],
  "version" : 3
}
